// !$*UTF8*$!
{
	archiveVersion = 1;
	classes = {
	};
	objectVersion = 50;
	objects = {

/* Begin PBXBuildFile section */
		13ADAF5725BC32DE009381F2 /* main.m in Sources */ = {isa = PBXBuildFile; fileRef = 13ADAF5625BC32DE009381F2 /* main.m */; };
		13ADAF6825BC40EA009381F2 /* VisibilitySymbol.m in Sources */ = {isa = PBXBuildFile; fileRef = 13ADAF6725BC40EA009381F2 /* VisibilitySymbol.m */; };
		13ADAF6C25BC410B009381F2 /* Weak_importSymbol.m in Sources */ = {isa = PBXBuildFile; fileRef = 13ADAF6B25BC410B009381F2 /* Weak_importSymbol.m */; };
		13ADAF7025BC4123009381F2 /* WeakSymbol.m in Sources */ = {isa = PBXBuildFile; fileRef = 13ADAF6F25BC4123009381F2 /* WeakSymbol.m */; };
/* End PBXBuildFile section */

/* Begin PBXCopyFilesBuildPhase section */
		13ADAF5125BC32DE009381F2 /* CopyFiles */ = {
			isa = PBXCopyFilesBuildPhase;
			buildActionMask = 2147483647;
			dstPath = /usr/share/man/man1/;
			dstSubfolderSpec = 0;
			files = (
			);
			runOnlyForDeploymentPostprocessing = 1;
		};
/* End PBXCopyFilesBuildPhase section */

/* Begin PBXFileReference section */
		13ADAF5325BC32DE009381F2 /* Symbols */ = {isa = PBXFileReference; explicitFileType = "compiled.mach-o.executable"; includeInIndex = 0; path = Symbols; sourceTree = BUILT_PRODUCTS_DIR; };
		13ADAF5625BC32DE009381F2 /* main.m */ = {isa = PBXFileReference; lastKnownFileType = sourcecode.c.objc; path = main.m; sourceTree = "<group>"; };
		13ADAF6225BC3573009381F2 /* Config-Symbols.debug.xcconfig */ = {isa = PBXFileReference; lastKnownFileType = text.xcconfig; path = "Config-Symbols.debug.xcconfig"; sourceTree = "<group>"; };
		13ADAF6625BC40EA009381F2 /* VisibilitySymbol.h */ = {isa = PBXFileReference; lastKnownFileType = sourcecode.c.h; path = VisibilitySymbol.h; sourceTree = "<group>"; };
		13ADAF6725BC40EA009381F2 /* VisibilitySymbol.m */ = {isa = PBXFileReference; lastKnownFileType = sourcecode.c.objc; path = VisibilitySymbol.m; sourceTree = "<group>"; };
		13ADAF6A25BC410B009381F2 /* Weak_importSymbol.h */ = {isa = PBXFileReference; lastKnownFileType = sourcecode.c.h; path = Weak_importSymbol.h; sourceTree = "<group>"; };
		13ADAF6B25BC410B009381F2 /* Weak_importSymbol.m */ = {isa = PBXFileReference; lastKnownFileType = sourcecode.c.objc; path = Weak_importSymbol.m; sourceTree = "<group>"; };
		13ADAF6E25BC4123009381F2 /* WeakSymbol.h */ = {isa = PBXFileReference; lastKnownFileType = sourcecode.c.h; path = WeakSymbol.h; sourceTree = "<group>"; };
		13ADAF6F25BC4123009381F2 /* WeakSymbol.m */ = {isa = PBXFileReference; lastKnownFileType = sourcecode.c.objc; path = WeakSymbol.m; sourceTree = "<group>"; };
/* End PBXFileReference section */

/* Begin PBXFrameworksBuildPhase section */
		13ADAF5025BC32DE009381F2 /* Frameworks */ = {
			isa = PBXFrameworksBuildPhase;
			buildActionMask = 2147483647;
			files = (
			);
			runOnlyForDeploymentPostprocessing = 0;
		};
/* End PBXFrameworksBuildPhase section */

/* Begin PBXGroup section */
		13ADAF4A25BC32DE009381F2 = {
			isa = PBXGroup;
			children = (
				13ADAF5525BC32DE009381F2 /* Symbols */,
				13ADAF5425BC32DE009381F2 /* Products */,
			);
			sourceTree = "<group>";
		};
		13ADAF5425BC32DE009381F2 /* Products */ = {
			isa = PBXGroup;
			children = (
				13ADAF5325BC32DE009381F2 /* Symbols */,
			);
			name = Products;
			sourceTree = "<group>";
		};
		13ADAF5525BC32DE009381F2 /* Symbols */ = {
			isa = PBXGroup;
			children = (
				13ADAF6125BC354B009381F2 /* Config */,
				13ADAF5625BC32DE009381F2 /* main.m */,
				13ADAF6625BC40EA009381F2 /* VisibilitySymbol.h */,
				13ADAF6725BC40EA009381F2 /* VisibilitySymbol.m */,
				13ADAF6A25BC410B009381F2 /* Weak_importSymbol.h */,
				13ADAF6B25BC410B009381F2 /* Weak_importSymbol.m */,
				13ADAF6E25BC4123009381F2 /* WeakSymbol.h */,
				13ADAF6F25BC4123009381F2 /* WeakSymbol.m */,
			);
			path = Symbols;
			sourceTree = "<group>";
		};
		13ADAF6125BC354B009381F2 /* Config */ = {
			isa = PBXGroup;
			children = (
				13ADAF6225BC3573009381F2 /* Config-Symbols.debug.xcconfig */,
			);
			path = Config;
			sourceTree = "<group>";
		};
/* End PBXGroup section */

/* Begin PBXNativeTarget section */
		13ADAF5225BC32DE009381F2 /* Symbols */ = {
			isa = PBXNativeTarget;
			buildConfigurationList = 13ADAF5A25BC32DE009381F2 /* Build configuration list for PBXNativeTarget "Symbols" */;
			buildPhases = (
				13ADAF4F25BC32DE009381F2 /* Sources */,
				13ADAF5025BC32DE009381F2 /* Frameworks */,
				13ADAF5125BC32DE009381F2 /* CopyFiles */,
				13ADAF5F25BC3405009381F2 /* ShellScript */,
			);
			buildRules = (
			);
			dependencies = (
			);
			name = Symbols;
			productName = Symbols;
			productReference = 13ADAF5325BC32DE009381F2 /* Symbols */;
			productType = "com.apple.product-type.tool";
		};
/* End PBXNativeTarget section */

/* Begin PBXProject section */
		13ADAF4B25BC32DE009381F2 /* Project object */ = {
			isa = PBXProject;
			attributes = {
				LastUpgradeCheck = 1220;
				TargetAttributes = {
					13ADAF5225BC32DE009381F2 = {
						CreatedOnToolsVersion = 12.2;
					};
				};
			};
			buildConfigurationList = 13ADAF4E25BC32DE009381F2 /* Build configuration list for PBXProject "Symbols" */;
			compatibilityVersion = "Xcode 9.3";
			developmentRegion = en;
			hasScannedForEncodings = 0;
			knownRegions = (
				en,
				Base,
			);
			mainGroup = 13ADAF4A25BC32DE009381F2;
			productRefGroup = 13ADAF5425BC32DE009381F2 /* Products */;
			projectDirPath = "";
			projectRoot = "";
			targets = (
				13ADAF5225BC32DE009381F2 /* Symbols */,
			);
		};
/* End PBXProject section */

/* Begin PBXShellScriptBuildPhase section */
		13ADAF5F25BC3405009381F2 /* ShellScript */ = {
			isa = PBXShellScriptBuildPhase;
			buildActionMask = 2147483647;
			files = (
			);
			inputFileListPaths = (
			);
			inputPaths = (
			);
			outputFileListPaths = (
			);
			outputPaths = (
			);
			runOnlyForDeploymentPostprocessing = 0;
			shellPath = /bin/sh;
			shellScript = "# SRCROOT 当前代码路径\n/bin/sh \"$SRCROOT/xcode_run_cmd.sh\"\n";
		};
/* End PBXShellScriptBuildPhase section */

/* Begin PBXSourcesBuildPhase section */
		13ADAF4F25BC32DE009381F2 /* Sources */ = {
			isa = PBXSourcesBuildPhase;
			buildActionMask = 2147483647;
			files = (
				13ADAF6C25BC410B009381F2 /* Weak_importSymbol.m in Sources */,
				13ADAF7025BC4123009381F2 /* WeakSymbol.m in Sources */,
				13ADAF5725BC32DE009381F2 /* main.m in Sources */,
				13ADAF6825BC40EA009381F2 /* VisibilitySymbol.m in Sources */,
			);
			runOnlyForDeploymentPostprocessing = 0;
		};
/* End PBXSourcesBuildPhase section */

/* Begin XCBuildConfiguration section */
		13ADAF5825BC32DE009381F2 /* Debug */ = {
			isa = XCBuildConfiguration;
			buildSettings = {
				ALWAYS_SEARCH_USER_PATHS = NO;
				CLANG_ANALYZER_NONNULL = YES;
				CLANG_ANALYZER_NUMBER_OBJECT_CONVERSION = YES_AGGRESSIVE;
				CLANG_CXX_LANGUAGE_STANDARD = "gnu++14";
				CLANG_CXX_LIBRARY = "libc++";
				CLANG_ENABLE_MODULES = YES;
				CLANG_ENABLE_OBJC_ARC = YES;
				CLANG_ENABLE_OBJC_WEAK = YES;
				CLANG_WARN_BLOCK_CAPTURE_AUTORELEASING = YES;
				CLANG_WARN_BOOL_CONVERSION = YES;
				CLANG_WARN_COMMA = YES;
				CLANG_WARN_CONSTANT_CONVERSION = YES;
				CLANG_WARN_DEPRECATED_OBJC_IMPLEMENTATIONS = YES;
				CLANG_WARN_DIRECT_OBJC_ISA_USAGE = YES_ERROR;
				CLANG_WARN_DOCUMENTATION_COMMENTS = YES;
				CLANG_WARN_EMPTY_BODY = YES;
				CLANG_WARN_ENUM_CONVERSION = YES;
				CLANG_WARN_INFINITE_RECURSION = YES;
				CLANG_WARN_INT_CONVERSION = YES;
				CLANG_WARN_NON_LITERAL_NULL_CONVERSION = YES;
				CLANG_WARN_OBJC_IMPLICIT_RETAIN_SELF = YES;
				CLANG_WARN_OBJC_LITERAL_CONVERSION = YES;
				CLANG_WARN_OBJC_ROOT_CLASS = YES_ERROR;
				CLANG_WARN_QUOTED_INCLUDE_IN_FRAMEWORK_HEADER = YES;
				CLANG_WARN_RANGE_LOOP_ANALYSIS = YES;
				CLANG_WARN_STRICT_PROTOTYPES = YES;
				CLANG_WARN_SUSPICIOUS_MOVE = YES;
				CLANG_WARN_UNGUARDED_AVAILABILITY = YES_AGGRESSIVE;
				CLANG_WARN_UNREACHABLE_CODE = YES;
				CLANG_WARN__DUPLICATE_METHOD_MATCH = YES;
				COPY_PHASE_STRIP = NO;
				DEBUG_INFORMATION_FORMAT = dwarf;
				ENABLE_STRICT_OBJC_MSGSEND = YES;
				ENABLE_TESTABILITY = YES;
				GCC_C_LANGUAGE_STANDARD = gnu11;
				GCC_DYNAMIC_NO_PIC = NO;
				GCC_NO_COMMON_BLOCKS = YES;
				GCC_OPTIMIZATION_LEVEL = 0;
				GCC_PREPROCESSOR_DEFINITIONS = (
					"DEBUG=1",
					"$(inherited)",
				);
				GCC_WARN_64_TO_32_BIT_CONVERSION = YES;
				GCC_WARN_ABOUT_RETURN_TYPE = YES_ERROR;
				GCC_WARN_UNDECLARED_SELECTOR = YES;
				GCC_WARN_UNINITIALIZED_AUTOS = YES_AGGRESSIVE;
				GCC_WARN_UNUSED_FUNCTION = YES;
				GCC_WARN_UNUSED_VARIABLE = YES;
				MACOSX_DEPLOYMENT_TARGET = 11.0;
				MTL_ENABLE_DEBUG_INFO = INCLUDE_SOURCE;
				MTL_FAST_MATH = YES;
				ONLY_ACTIVE_ARCH = YES;
				SDKROOT = macosx;
			};
			name = Debug;
		};
		13ADAF5925BC32DE009381F2 /* Release */ = {
			isa = XCBuildConfiguration;
			buildSettings = {
				ALWAYS_SEARCH_USER_PATHS = NO;
				CLANG_ANALYZER_NONNULL = YES;
				CLANG_ANALYZER_NUMBER_OBJECT_CONVERSION = YES_AGGRESSIVE;
				CLANG_CXX_LANGUAGE_STANDARD = "gnu++14";
				CLANG_CXX_LIBRARY = "libc++";
				CLANG_ENABLE_MODULES = YES;
				CLANG_ENABLE_OBJC_ARC = YES;
				CLANG_ENABLE_OBJC_WEAK = YES;
				CLANG_WARN_BLOCK_CAPTURE_AUTORELEASING = YES;
				CLANG_WARN_BOOL_CONVERSION = YES;
				CLANG_WARN_COMMA = YES;
				CLANG_WARN_CONSTANT_CONVERSION = YES;
				CLANG_WARN_DEPRECATED_OBJC_IMPLEMENTATIONS = YES;
				CLANG_WARN_DIRECT_OBJC_ISA_USAGE = YES_ERROR;
				CLANG_WARN_DOCUMENTATION_COMMENTS = YES;
				CLANG_WARN_EMPTY_BODY = YES;
				CLANG_WARN_ENUM_CONVERSION = YES;
				CLANG_WARN_INFINITE_RECURSION = YES;
				CLANG_WARN_INT_CONVERSION = YES;
				CLANG_WARN_NON_LITERAL_NULL_CONVERSION = YES;
				CLANG_WARN_OBJC_IMPLICIT_RETAIN_SELF = YES;
				CLANG_WARN_OBJC_LITERAL_CONVERSION = YES;
				CLANG_WARN_OBJC_ROOT_CLASS = YES_ERROR;
				CLANG_WARN_QUOTED_INCLUDE_IN_FRAMEWORK_HEADER = YES;
				CLANG_WARN_RANGE_LOOP_ANALYSIS = YES;
				CLANG_WARN_STRICT_PROTOTYPES = YES;
				CLANG_WARN_SUSPICIOUS_MOVE = YES;
				CLANG_WARN_UNGUARDED_AVAILABILITY = YES_AGGRESSIVE;
				CLANG_WARN_UNREACHABLE_CODE = YES;
				CLANG_WARN__DUPLICATE_METHOD_MATCH = YES;
				COPY_PHASE_STRIP = NO;
				DEBUG_INFORMATION_FORMAT = "dwarf-with-dsym";
				ENABLE_NS_ASSERTIONS = NO;
				ENABLE_STRICT_OBJC_MSGSEND = YES;
				GCC_C_LANGUAGE_STANDARD = gnu11;
				GCC_NO_COMMON_BLOCKS = YES;
				GCC_WARN_64_TO_32_BIT_CONVERSION = YES;
				GCC_WARN_ABOUT_RETURN_TYPE = YES_ERROR;
				GCC_WARN_UNDECLARED_SELECTOR = YES;
				GCC_WARN_UNINITIALIZED_AUTOS = YES_AGGRESSIVE;
				GCC_WARN_UNUSED_FUNCTION = YES;
				GCC_WARN_UNUSED_VARIABLE = YES;
				MACOSX_DEPLOYMENT_TARGET = 11.0;
				MTL_ENABLE_DEBUG_INFO = NO;
				MTL_FAST_MATH = YES;
				SDKROOT = macosx;
			};
			name = Release;
		};
		13ADAF5B25BC32DE009381F2 /* Debug */ = {
			isa = XCBuildConfiguration;
			baseConfigurationReference = 13ADAF6225BC3573009381F2 /* Config-Symbols.debug.xcconfig */;
			buildSettings = {
				CODE_SIGN_STYLE = Automatic;
				DEPLOYMENT_POSTPROCESSING = NO;
				PRODUCT_NAME = "$(TARGET_NAME)";
				STRIP_STYLE = all;
			};
			name = Debug;
		};
		13ADAF5C25BC32DE009381F2 /* Release */ = {
			isa = XCBuildConfiguration;
			buildSettings = {
				CODE_SIGN_STYLE = Automatic;
				DEPLOYMENT_POSTPROCESSING = NO;
				PRODUCT_NAME = "$(TARGET_NAME)";
				STRIP_STYLE = all;
			};
			name = Release;
		};
/* End XCBuildConfiguration section */

/* Begin XCConfigurationList section */
		13ADAF4E25BC32DE009381F2 /* Build configuration list for PBXProject "Symbols" */ = {
			isa = XCConfigurationList;
			buildConfigurations = (
				13ADAF5825BC32DE009381F2 /* Debug */,
				13ADAF5925BC32DE009381F2 /* Release */,
			);
			defaultConfigurationIsVisible = 0;
			defaultConfigurationName = Release;
		};
		13ADAF5A25BC32DE009381F2 /* Build configuration list for PBXNativeTarget "Symbols" */ = {
			isa = XCConfigurationList;
			buildConfigurations = (
				13ADAF5B25BC32DE009381F2 /* Debug */,
				13ADAF5C25BC32DE009381F2 /* Release */,
			);
			defaultConfigurationIsVisible = 0;
			defaultConfigurationName = Release;
		};
/* End XCConfigurationList section */
	};
	rootObject = 13ADAF4B25BC32DE009381F2 /* Project object */;
}
